
Microsoft Visual Studio Solution File, Format Version 12.00
# Visual Studio Version 17
VisualStudioVersion = 17.6.33723.286
MinimumVisualStudioVersion = 10.0.40219.1
Project("{FAE04EC0-301F-11D3-BF4B-00C04F79EFBC}") = "Лаба по ворскилзу", "Лаба по ворскилзу\Лаба по ворскилзу.csproj", "{F5F8D36A-A43B-47C3-B13F-2BE15D135731}"
EndProject
Global
	GlobalSection(SolutionConfigurationPlatforms) = preSolution
		Debug|Any CPU = Debug|Any CPU
		Release|Any CPU = Release|Any CPU
	EndGlobalSection
	GlobalSection(ProjectConfigurationPlatforms) = postSolution
		{F5F8D36A-A43B-47C3-B13F-2BE15D135731}.Debug|Any CPU.ActiveCfg = Debug|Any CPU
		{F5F8D36A-A43B-47C3-B13F-2BE15D135731}.Debug|Any CPU.Build.0 = Debug|Any CPU
		{F5F8D36A-A43B-47C3-B13F-2BE15D135731}.Release|Any CPU.ActiveCfg = Release|Any CPU
		{F5F8D36A-A43B-47C3-B13F-2BE15D135731}.Release|Any CPU.Build.0 = Release|Any CPU
	EndGlobalSection
	GlobalSection(SolutionProperties) = preSolution
		HideSolutionNode = FALSE
	EndGlobalSection
	GlobalSection(ExtensibilityGlobals) = postSolution
		SolutionGuid = {136D5601-530D-49F2-97D2-0386FD734B6A}
	EndGlobalSection
EndGlobal
